{
  "nodes": {
    "deploy-cs": {
      "inputs": {
        "nixpkgs": [
          "nixpkgs"
        ]
      },
      "locked": {
        "lastModified": 1665371145,
        "narHash": "sha256-mpXbqbnkw6ssjHLOOPpPY35AjL12lclWVBLB7FGhgBw=",
        "owner": "Krutonium",
        "repo": "deploy-cs",
        "rev": "3119e4ab9f4f991fb415ecaae17b7e0e5f6f11ad",
        "type": "github"
      },
      "original": {
        "owner": "Krutonium",
        "repo": "deploy-cs",
        "type": "github"
      }
    },
    "flake-compat": {
      "flake": false,
      "locked": {
        "lastModified": 1627913399,
        "narHash": "sha256-hY8g6H2KFL8ownSiFeMOjwPC8P0ueXpCVEbxgda3pko=",
        "owner": "edolstra",
        "repo": "flake-compat",
        "rev": "12c64ca55c1014cdc1b16ed5a804aa8576601ff2",
        "type": "github"
      },
      "original": {
        "owner": "edolstra",
        "repo": "flake-compat",
        "type": "github"
      }
    },
    "home-manager": {
      "inputs": {
        "nixpkgs": "nixpkgs",
        "utils": "utils"
      },
      "locked": {
        "lastModified": 1670253003,
        "narHash": "sha256-/tJIy4+FbsQyslq1ipyicZ2psOEd8dvl4OJ9lfisjd0=",
        "owner": "nix-community",
        "repo": "home-manager",
        "rev": "0e8125916b420e41bf0d23a0aa33fadd0328beb3",
        "type": "github"
      },
      "original": {
        "owner": "nix-community",
        "ref": "release-22.11",
        "repo": "home-manager",
        "type": "github"
      }
    },
    "mmdoc": {
      "inputs": {
        "nixpkgs": [
          "update",
          "nixpkgs"
        ],
        "nixpkgs-for-manual": "nixpkgs-for-manual"
      },
      "locked": {
        "lastModified": 1648942939,
        "narHash": "sha256-IvXTQcv32LptJGxHjffji1f0XyG+wh566YJuS5dEcoo=",
        "owner": "ryantm",
        "repo": "mmdoc",
        "rev": "a308fd7ef02241216aac5dfa2c584b37fca3c26a",
        "type": "github"
      },
      "original": {
        "owner": "ryantm",
        "repo": "mmdoc",
        "type": "github"
      }
    },
    "nixos-hardware": {
      "locked": {
        "lastModified": 1671183612,
        "narHash": "sha256-Q6so0tBGEb9Bhx++FP6cJQ+K83hOZ99ffmcdcWtDS14=",
        "owner": "NixOS",
        "repo": "nixos-hardware",
        "rev": "488931efb69a50307fa0d71e23e78c8706909416",
        "type": "github"
      },
      "original": {
        "owner": "NixOS",
        "ref": "master",
        "repo": "nixos-hardware",
        "type": "github"
      }
    },
    "nixpkgs": {
      "locked": {
        "lastModified": 1667629849,
        "narHash": "sha256-P+v+nDOFWicM4wziFK9S/ajF2lc0N2Rg9p6Y35uMoZI=",
        "owner": "nixos",
        "repo": "nixpkgs",
        "rev": "3bacde6273b09a21a8ccfba15586fb165078fb62",
        "type": "github"
      },
      "original": {
        "owner": "nixos",
        "ref": "nixos-unstable",
        "repo": "nixpkgs",
        "type": "github"
      }
    },
    "nixpkgs-for-manual": {
      "locked": {
        "lastModified": 1644686402,
        "narHash": "sha256-qxQKjsj51pIQ6qJrLOw93m9z+vJCngpRLfPgp2Ib28Q=",
        "owner": "ryantm",
        "repo": "nixpkgs",
        "rev": "78d909765da7e23d5d5d59993bca0ee6a9e3d3ba",
        "type": "github"
      },
      "original": {
        "owner": "ryantm",
        "ref": "minman",
        "repo": "nixpkgs",
        "type": "github"
      }
    },
    "nixpkgs-master": {
      "locked": {
        "lastModified": 1671209205,
        "narHash": "sha256-g1YduLYtTHD4AdV5fempvG3yb6cvGBq/xWlg+9okDi4=",
        "owner": "NixOS",
        "repo": "nixpkgs",
        "rev": "0381d09ae8bde8da4ae9e46c1cadc7ea694b5250",
        "type": "github"
      },
      "original": {
        "owner": "NixOS",
        "ref": "master",
        "repo": "nixpkgs",
        "type": "github"
      }
    },
    "nixpkgs-unstable": {
      "locked": {
        "lastModified": 1671108576,
        "narHash": "sha256-6ggOL6KoaELNA1562tnPjtAnQ9SwsKRTgeuaXvPzCwI=",
        "owner": "NixOS",
        "repo": "nixpkgs",
        "rev": "0f5996b524c91677891a432cc99c7567c7c402b1",
        "type": "github"
      },
      "original": {
        "owner": "NixOS",
        "ref": "nixos-unstable",
        "repo": "nixpkgs",
        "type": "github"
      }
    },
    "nixpkgs_2": {
      "locked": {
        "lastModified": 1671122953,
        "narHash": "sha256-SVWmiyX2wx6BAxo4zMfRqDgFoWf4d3Vx1MgG/Vo4jL4=",
        "owner": "NixOS",
        "repo": "nixpkgs",
        "rev": "0152de25d49dc16883b65f3e29cfea8d32f68956",
        "type": "github"
      },
      "original": {
        "owner": "NixOS",
        "ref": "nixos-22.11",
        "repo": "nixpkgs",
        "type": "github"
      }
    },
    "nixpkgs_3": {
      "locked": {
        "lastModified": 1629859457,
        "narHash": "sha256-JlAU1EboVCOJeMXNLJusf+0vnx++xK1Y4DW5y80zMfY=",
        "owner": "nixos",
        "repo": "nixpkgs",
        "rev": "12613bf6d91543db59de89e231eafab72f4dc2e8",
        "type": "github"
      },
      "original": {
        "owner": "nixos",
        "repo": "nixpkgs",
        "type": "github"
      }
    },
    "root": {
      "inputs": {
        "deploy-cs": "deploy-cs",
        "home-manager": "home-manager",
        "nixos-hardware": "nixos-hardware",
        "nixpkgs": "nixpkgs_2",
        "nixpkgs-master": "nixpkgs-master",
        "nixpkgs-unstable": "nixpkgs-unstable",
        "update": "update"
      }
    },
    "update": {
      "inputs": {
        "flake-compat": "flake-compat",
        "mmdoc": "mmdoc",
        "nixpkgs": "nixpkgs_3"
      },
      "locked": {
        "lastModified": 1670117052,
        "narHash": "sha256-QIQSA/tGyA+lXZhovQX6HM0WJgVR+Bji/q1jnB0ZbJQ=",
        "owner": "ryantm",
        "repo": "nixpkgs-update",
        "rev": "3d6dc7ca07a35f30a14ab7e8ff3eb18867649faf",
        "type": "github"
      },
      "original": {
        "owner": "ryantm",
        "repo": "nixpkgs-update",
        "type": "github"
      }
    },
    "utils": {
      "locked": {
        "lastModified": 1667395993,
        "narHash": "sha256-nuEHfE/LcWyuSWnS8t12N1wc105Qtau+/OdUAjtQ0rA=",
        "owner": "numtide",
        "repo": "flake-utils",
        "rev": "5aed5285a952e0b949eb3ba02c12fa4fcfef535f",
        "type": "github"
      },
      "original": {
        "owner": "numtide",
        "repo": "flake-utils",
        "type": "github"
      }
    }
  },
  "root": "root",
  "version": 7
}
